
Microsoft Visual Studio Solution File, Format Version 12.00
# Visual Studio Version 17
VisualStudioVersion = 17.13.35931.197 d17.13
MinimumVisualStudioVersion = 10.0.40219.1
Project("{FAE04EC0-301F-11D3-BF4B-00C04F79EFBC}") = "DllNetFrameworkAnalyzer", "DllNetFrameworkAnalyzer\DllNetFrameworkAnalyzer.csproj", "{64680C98-CB9C-463F-B787-13371A1368C4}"
EndProject
Global
	GlobalSection(SolutionConfigurationPlatforms) = preSolution
		Debug|Any CPU = Debug|Any CPU
		Release|Any CPU = Release|Any CPU
	EndGlobalSection
	GlobalSection(ProjectConfigurationPlatforms) = postSolution
		{64680C98-CB9C-463F-B787-13371A1368C4}.Debug|Any CPU.ActiveCfg = Debug|Any CPU
		{64680C98-CB9C-463F-B787-13371A1368C4}.Debug|Any CPU.Build.0 = Debug|Any CPU
		{64680C98-CB9C-463F-B787-13371A1368C4}.Release|Any CPU.ActiveCfg = Release|Any CPU
		{64680C98-CB9C-463F-B787-13371A1368C4}.Release|Any CPU.Build.0 = Release|Any CPU
	EndGlobalSection
	GlobalSection(SolutionProperties) = preSolution
		HideSolutionNode = FALSE
	EndGlobalSection
	GlobalSection(ExtensibilityGlobals) = postSolution
		SolutionGuid = {92AF4C29-32A9-41AF-B917-4B468959871A}
	EndGlobalSection
EndGlobal
